
Microsoft Visual Studio Solution File, Format Version 12.00
# Visual Studio 15
VisualStudioVersion = 15.0.28307.438
MinimumVisualStudioVersion = 10.0.40219.1
Project("{FAE04EC0-301F-11D3-BF4B-00C04F79EFBC}") = "OOP_Lab02_3", "OOP_Lab02_3\OOP_Lab02_3.csproj", "{870E3F6A-CD99-469B-B40D-5B1E7D3DF2D4}"
EndProject
Global
	GlobalSection(SolutionConfigurationPlatforms) = preSolution
		Debug|Any CPU = Debug|Any CPU
		Release|Any CPU = Release|Any CPU
	EndGlobalSection
	GlobalSection(ProjectConfigurationPlatforms) = postSolution
		{870E3F6A-CD99-469B-B40D-5B1E7D3DF2D4}.Debug|Any CPU.ActiveCfg = Debug|Any CPU
		{870E3F6A-CD99-469B-B40D-5B1E7D3DF2D4}.Debug|Any CPU.Build.0 = Debug|Any CPU
		{870E3F6A-CD99-469B-B40D-5B1E7D3DF2D4}.Release|Any CPU.ActiveCfg = Release|Any CPU
		{870E3F6A-CD99-469B-B40D-5B1E7D3DF2D4}.Release|Any CPU.Build.0 = Release|Any CPU
	EndGlobalSection
	GlobalSection(SolutionProperties) = preSolution
		HideSolutionNode = FALSE
	EndGlobalSection
	GlobalSection(ExtensibilityGlobals) = postSolution
		SolutionGuid = {D67C2DAA-DCB2-4DD5-8F8E-A6AF2117132D}
	EndGlobalSection
EndGlobal
